
Microsoft Visual Studio Solution File, Format Version 12.00
# Visual Studio 2012
Project("{FAE04EC0-301F-11D3-BF4B-00C04F79EFBC}") = "XamTest", "XamTest\XamTest.csproj", "{ACBCCD9F-A278-4DD4-836F-0A1619B09C92}"
EndProject
Project("{FAE04EC0-301F-11D3-BF4B-00C04F79EFBC}") = "XamTest.iOS", "iOS\XamTest.iOS.csproj", "{B780347B-26A5-422E-A625-5B67D18FA5CD}"
EndProject
Project("{FAE04EC0-301F-11D3-BF4B-00C04F79EFBC}") = "XamTest.Droid", "Droid\XamTest.Droid.csproj", "{9B5EEE02-E60B-45F9-ABD1-1D38D7D55752}"
EndProject
Project("{FAE04EC0-301F-11D3-BF4B-00C04F79EFBC}") = "XamTest.UITests", "UITests\XamTest.UITests.csproj", "{429DB52B-4179-444E-9CA7-CCAAC2CF35F7}"
EndProject
Global
	GlobalSection(SolutionConfigurationPlatforms) = preSolution
		Debug|Any CPU = Debug|Any CPU
		Release|Any CPU = Release|Any CPU
		Debug|iPhoneSimulator = Debug|iPhoneSimulator
		Release|iPhone = Release|iPhone
		Release|iPhoneSimulator = Release|iPhoneSimulator
		Debug|iPhone = Debug|iPhone
	EndGlobalSection
	GlobalSection(ProjectConfigurationPlatforms) = postSolution
		{429DB52B-4179-444E-9CA7-CCAAC2CF35F7}.Debug|Any CPU.ActiveCfg = Debug|Any CPU
		{429DB52B-4179-444E-9CA7-CCAAC2CF35F7}.Debug|Any CPU.Build.0 = Debug|Any CPU
		{429DB52B-4179-444E-9CA7-CCAAC2CF35F7}.Debug|iPhone.ActiveCfg = Debug|Any CPU
		{429DB52B-4179-444E-9CA7-CCAAC2CF35F7}.Debug|iPhone.Build.0 = Debug|Any CPU
		{429DB52B-4179-444E-9CA7-CCAAC2CF35F7}.Debug|iPhoneSimulator.ActiveCfg = Debug|Any CPU
		{429DB52B-4179-444E-9CA7-CCAAC2CF35F7}.Debug|iPhoneSimulator.Build.0 = Debug|Any CPU
		{429DB52B-4179-444E-9CA7-CCAAC2CF35F7}.Release|Any CPU.ActiveCfg = Release|Any CPU
		{429DB52B-4179-444E-9CA7-CCAAC2CF35F7}.Release|Any CPU.Build.0 = Release|Any CPU
		{429DB52B-4179-444E-9CA7-CCAAC2CF35F7}.Release|iPhone.ActiveCfg = Release|Any CPU
		{429DB52B-4179-444E-9CA7-CCAAC2CF35F7}.Release|iPhone.Build.0 = Release|Any CPU
		{429DB52B-4179-444E-9CA7-CCAAC2CF35F7}.Release|iPhoneSimulator.ActiveCfg = Release|Any CPU
		{429DB52B-4179-444E-9CA7-CCAAC2CF35F7}.Release|iPhoneSimulator.Build.0 = Release|Any CPU
		{9B5EEE02-E60B-45F9-ABD1-1D38D7D55752}.Debug|Any CPU.ActiveCfg = Debug|Any CPU
		{9B5EEE02-E60B-45F9-ABD1-1D38D7D55752}.Debug|Any CPU.Build.0 = Debug|Any CPU
		{9B5EEE02-E60B-45F9-ABD1-1D38D7D55752}.Debug|iPhone.ActiveCfg = Debug|Any CPU
		{9B5EEE02-E60B-45F9-ABD1-1D38D7D55752}.Debug|iPhone.Build.0 = Debug|Any CPU
		{9B5EEE02-E60B-45F9-ABD1-1D38D7D55752}.Debug|iPhoneSimulator.ActiveCfg = Debug|Any CPU
		{9B5EEE02-E60B-45F9-ABD1-1D38D7D55752}.Debug|iPhoneSimulator.Build.0 = Debug|Any CPU
		{9B5EEE02-E60B-45F9-ABD1-1D38D7D55752}.Release|Any CPU.ActiveCfg = Release|Any CPU
		{9B5EEE02-E60B-45F9-ABD1-1D38D7D55752}.Release|Any CPU.Build.0 = Release|Any CPU
		{9B5EEE02-E60B-45F9-ABD1-1D38D7D55752}.Release|iPhone.ActiveCfg = Release|Any CPU
		{9B5EEE02-E60B-45F9-ABD1-1D38D7D55752}.Release|iPhone.Build.0 = Release|Any CPU
		{9B5EEE02-E60B-45F9-ABD1-1D38D7D55752}.Release|iPhoneSimulator.ActiveCfg = Release|Any CPU
		{9B5EEE02-E60B-45F9-ABD1-1D38D7D55752}.Release|iPhoneSimulator.Build.0 = Release|Any CPU
		{ACBCCD9F-A278-4DD4-836F-0A1619B09C92}.Debug|Any CPU.ActiveCfg = Debug|Any CPU
		{ACBCCD9F-A278-4DD4-836F-0A1619B09C92}.Debug|Any CPU.Build.0 = Debug|Any CPU
		{ACBCCD9F-A278-4DD4-836F-0A1619B09C92}.Debug|iPhone.ActiveCfg = Debug|Any CPU
		{ACBCCD9F-A278-4DD4-836F-0A1619B09C92}.Debug|iPhone.Build.0 = Debug|Any CPU
		{ACBCCD9F-A278-4DD4-836F-0A1619B09C92}.Debug|iPhoneSimulator.ActiveCfg = Debug|Any CPU
		{ACBCCD9F-A278-4DD4-836F-0A1619B09C92}.Debug|iPhoneSimulator.Build.0 = Debug|Any CPU
		{ACBCCD9F-A278-4DD4-836F-0A1619B09C92}.Release|Any CPU.ActiveCfg = Release|Any CPU
		{ACBCCD9F-A278-4DD4-836F-0A1619B09C92}.Release|Any CPU.Build.0 = Release|Any CPU
		{ACBCCD9F-A278-4DD4-836F-0A1619B09C92}.Release|iPhone.ActiveCfg = Release|Any CPU
		{ACBCCD9F-A278-4DD4-836F-0A1619B09C92}.Release|iPhone.Build.0 = Release|Any CPU
		{ACBCCD9F-A278-4DD4-836F-0A1619B09C92}.Release|iPhoneSimulator.ActiveCfg = Release|Any CPU
		{ACBCCD9F-A278-4DD4-836F-0A1619B09C92}.Release|iPhoneSimulator.Build.0 = Release|Any CPU
		{B780347B-26A5-422E-A625-5B67D18FA5CD}.Debug|Any CPU.ActiveCfg = Debug|iPhoneSimulator
		{B780347B-26A5-422E-A625-5B67D18FA5CD}.Debug|Any CPU.Build.0 = Debug|iPhoneSimulator
		{B780347B-26A5-422E-A625-5B67D18FA5CD}.Debug|iPhone.ActiveCfg = Debug|iPhone
		{B780347B-26A5-422E-A625-5B67D18FA5CD}.Debug|iPhone.Build.0 = Debug|iPhone
		{B780347B-26A5-422E-A625-5B67D18FA5CD}.Debug|iPhoneSimulator.ActiveCfg = Debug|iPhoneSimulator
		{B780347B-26A5-422E-A625-5B67D18FA5CD}.Debug|iPhoneSimulator.Build.0 = Debug|iPhoneSimulator
		{B780347B-26A5-422E-A625-5B67D18FA5CD}.Release|Any CPU.ActiveCfg = Release|iPhone
		{B780347B-26A5-422E-A625-5B67D18FA5CD}.Release|Any CPU.Build.0 = Release|iPhone
		{B780347B-26A5-422E-A625-5B67D18FA5CD}.Release|iPhone.ActiveCfg = Release|iPhone
		{B780347B-26A5-422E-A625-5B67D18FA5CD}.Release|iPhone.Build.0 = Release|iPhone
		{B780347B-26A5-422E-A625-5B67D18FA5CD}.Release|iPhoneSimulator.ActiveCfg = Release|iPhoneSimulator
		{B780347B-26A5-422E-A625-5B67D18FA5CD}.Release|iPhoneSimulator.Build.0 = Release|iPhoneSimulator
	EndGlobalSection
EndGlobal
